
Microsoft Visual Studio Solution File, Format Version 12.00
# Visual Studio Version 16
VisualStudioVersion = 16.0.30611.23
MinimumVisualStudioVersion = 10.0.40219.1
Project("{FAE04EC0-301F-11D3-BF4B-00C04F79EFBC}") = "aula42", "aula42.csproj", "{24E69D2C-FAFE-4ADD-B7C4-66C2F33B907A}"
EndProject
Global
	GlobalSection(SolutionConfigurationPlatforms) = preSolution
		Debug|Any CPU = Debug|Any CPU
		Release|Any CPU = Release|Any CPU
	EndGlobalSection
	GlobalSection(ProjectConfigurationPlatforms) = postSolution
		{24E69D2C-FAFE-4ADD-B7C4-66C2F33B907A}.Debug|Any CPU.ActiveCfg = Debug|Any CPU
		{24E69D2C-FAFE-4ADD-B7C4-66C2F33B907A}.Debug|Any CPU.Build.0 = Debug|Any CPU
		{24E69D2C-FAFE-4ADD-B7C4-66C2F33B907A}.Release|Any CPU.ActiveCfg = Release|Any CPU
		{24E69D2C-FAFE-4ADD-B7C4-66C2F33B907A}.Release|Any CPU.Build.0 = Release|Any CPU
	EndGlobalSection
	GlobalSection(SolutionProperties) = preSolution
		HideSolutionNode = FALSE
	EndGlobalSection
	GlobalSection(ExtensibilityGlobals) = postSolution
		SolutionGuid = {2D8DFDED-1F06-461E-ADD2-12222A48C1A9}
	EndGlobalSection
EndGlobal
